
Microsoft Visual Studio Solution File, Format Version 12.00
# Visual Studio Version 16
VisualStudioVersion = 16.0.31205.134
MinimumVisualStudioVersion = 10.0.40219.1
Project("{FAE04EC0-301F-11D3-BF4B-00C04F79EFBC}") = "TamBilgi.MouseBot", "TamBilgi.MouseBot\TamBilgi.MouseBot.csproj", "{3D20B2AA-F389-4020-AE6E-19CF466AA6F7}"
EndProject
Global
	GlobalSection(SolutionConfigurationPlatforms) = preSolution
		Debug|Any CPU = Debug|Any CPU
		Release|Any CPU = Release|Any CPU
	EndGlobalSection
	GlobalSection(ProjectConfigurationPlatforms) = postSolution
		{3D20B2AA-F389-4020-AE6E-19CF466AA6F7}.Debug|Any CPU.ActiveCfg = Debug|Any CPU
		{3D20B2AA-F389-4020-AE6E-19CF466AA6F7}.Debug|Any CPU.Build.0 = Debug|Any CPU
		{3D20B2AA-F389-4020-AE6E-19CF466AA6F7}.Release|Any CPU.ActiveCfg = Release|Any CPU
		{3D20B2AA-F389-4020-AE6E-19CF466AA6F7}.Release|Any CPU.Build.0 = Release|Any CPU
	EndGlobalSection
	GlobalSection(SolutionProperties) = preSolution
		HideSolutionNode = FALSE
	EndGlobalSection
	GlobalSection(ExtensibilityGlobals) = postSolution
		SolutionGuid = {180BCCC0-E12E-45E7-BFCC-82FD75195F7B}
	EndGlobalSection
	GlobalSection(TeamFoundationVersionControl) = preSolution
		SccNumberOfProjects = 2
		SccEnterpriseProvider = {4CA58AB2-18FA-4F8D-95D4-32DDF27D184C}
		SccTeamFoundationServer = http://185.241.138.20:8081/tfs/customerproject
		SccLocalPath0 = .
		SccProjectUniqueName1 = TamBilgi.MouseBot\\TamBilgi.MouseBot.csproj
		SccProjectName1 = TamBilgi.MouseBot
		SccLocalPath1 = TamBilgi.MouseBot
	EndGlobalSection
EndGlobal
